
Microsoft Visual Studio Solution File, Format Version 12.00
# Visual Studio Version 17
VisualStudioVersion = 17.7.34031.279
MinimumVisualStudioVersion = 10.0.40219.1
Project("{9A19103F-16F7-4668-BE54-9A1E7A4F7556}") = "FindARoute", "FindARoute.csproj", "{BDF6FC51-BD03-4747-851F-957776D98DD9}"
EndProject
Project("{9A19103F-16F7-4668-BE54-9A1E7A4F7556}") = "FindARoute.Android", "..\FindARoute.Android\FindARoute.Android.csproj", "{0E34AE51-752F-4D13-932E-F0721E9FF6E9}"
EndProject
Project("{9A19103F-16F7-4668-BE54-9A1E7A4F7556}") = "FindARoute.Desktop", "..\FindARoute.Desktop\FindARoute.Desktop.csproj", "{5458CCFA-70A4-44F8-8938-D31866C16472}"
EndProject
Project("{9A19103F-16F7-4668-BE54-9A1E7A4F7556}") = "FindARoute.iOS", "..\FindARoute.iOS\FindARoute.iOS.csproj", "{E45EA4BE-4A15-4017-A8C6-9FBC22F831B8}"
EndProject
Project("{9A19103F-16F7-4668-BE54-9A1E7A4F7556}") = "NavGraph", "..\..\NavGraph\NavGraph\NavGraph.csproj", "{93B84262-41CD-4E03-B5AA-EFEAD493BD11}"
EndProject
Project("{2150E333-8FDC-42A3-9474-1A3956D46DE8}") = "Lib", "Lib", "{BF740E42-13C5-45B6-A298-0934908BBBCE}"
EndProject
Project("{9A19103F-16F7-4668-BE54-9A1E7A4F7556}") = "WifiScannerLib", "..\..\WifiFinder-Main\WifiFinder\WifiScannerLib\WifiScannerLib.csproj", "{9528E826-01AB-49D0-823C-2DE8F75BDC68}"
EndProject
Project("{9A19103F-16F7-4668-BE54-9A1E7A4F7556}") = "WifiScannerLib", "..\..\WifiScannerLib\WifiScannerLib.csproj", "{21634F02-8390-477B-95E3-A05DA4FC6811}"
EndProject
Global
	GlobalSection(SolutionConfigurationPlatforms) = preSolution
		Debug|Any CPU = Debug|Any CPU
		Release|Any CPU = Release|Any CPU
	EndGlobalSection
	GlobalSection(ProjectConfigurationPlatforms) = postSolution
		{BDF6FC51-BD03-4747-851F-957776D98DD9}.Debug|Any CPU.ActiveCfg = Debug|Any CPU
		{BDF6FC51-BD03-4747-851F-957776D98DD9}.Debug|Any CPU.Build.0 = Debug|Any CPU
		{BDF6FC51-BD03-4747-851F-957776D98DD9}.Release|Any CPU.ActiveCfg = Release|Any CPU
		{BDF6FC51-BD03-4747-851F-957776D98DD9}.Release|Any CPU.Build.0 = Release|Any CPU
		{0E34AE51-752F-4D13-932E-F0721E9FF6E9}.Debug|Any CPU.ActiveCfg = Debug|Any CPU
		{0E34AE51-752F-4D13-932E-F0721E9FF6E9}.Debug|Any CPU.Build.0 = Debug|Any CPU
		{0E34AE51-752F-4D13-932E-F0721E9FF6E9}.Debug|Any CPU.Deploy.0 = Debug|Any CPU
		{0E34AE51-752F-4D13-932E-F0721E9FF6E9}.Release|Any CPU.ActiveCfg = Release|Any CPU
		{0E34AE51-752F-4D13-932E-F0721E9FF6E9}.Release|Any CPU.Build.0 = Release|Any CPU
		{0E34AE51-752F-4D13-932E-F0721E9FF6E9}.Release|Any CPU.Deploy.0 = Release|Any CPU
		{5458CCFA-70A4-44F8-8938-D31866C16472}.Debug|Any CPU.ActiveCfg = Debug|Any CPU
		{5458CCFA-70A4-44F8-8938-D31866C16472}.Debug|Any CPU.Build.0 = Debug|Any CPU
		{5458CCFA-70A4-44F8-8938-D31866C16472}.Release|Any CPU.ActiveCfg = Release|Any CPU
		{5458CCFA-70A4-44F8-8938-D31866C16472}.Release|Any CPU.Build.0 = Release|Any CPU
		{E45EA4BE-4A15-4017-A8C6-9FBC22F831B8}.Debug|Any CPU.ActiveCfg = Debug|Any CPU
		{E45EA4BE-4A15-4017-A8C6-9FBC22F831B8}.Debug|Any CPU.Build.0 = Debug|Any CPU
		{E45EA4BE-4A15-4017-A8C6-9FBC22F831B8}.Debug|Any CPU.Deploy.0 = Debug|Any CPU
		{E45EA4BE-4A15-4017-A8C6-9FBC22F831B8}.Release|Any CPU.ActiveCfg = Release|Any CPU
		{E45EA4BE-4A15-4017-A8C6-9FBC22F831B8}.Release|Any CPU.Build.0 = Release|Any CPU
		{E45EA4BE-4A15-4017-A8C6-9FBC22F831B8}.Release|Any CPU.Deploy.0 = Release|Any CPU
		{93B84262-41CD-4E03-B5AA-EFEAD493BD11}.Debug|Any CPU.ActiveCfg = Debug|Any CPU
		{93B84262-41CD-4E03-B5AA-EFEAD493BD11}.Debug|Any CPU.Build.0 = Debug|Any CPU
		{93B84262-41CD-4E03-B5AA-EFEAD493BD11}.Release|Any CPU.ActiveCfg = Release|Any CPU
		{93B84262-41CD-4E03-B5AA-EFEAD493BD11}.Release|Any CPU.Build.0 = Release|Any CPU
		{9528E826-01AB-49D0-823C-2DE8F75BDC68}.Debug|Any CPU.ActiveCfg = Debug|Any CPU
		{9528E826-01AB-49D0-823C-2DE8F75BDC68}.Debug|Any CPU.Build.0 = Debug|Any CPU
		{9528E826-01AB-49D0-823C-2DE8F75BDC68}.Release|Any CPU.ActiveCfg = Release|Any CPU
		{9528E826-01AB-49D0-823C-2DE8F75BDC68}.Release|Any CPU.Build.0 = Release|Any CPU
		{21634F02-8390-477B-95E3-A05DA4FC6811}.Debug|Any CPU.ActiveCfg = Debug|Any CPU
		{21634F02-8390-477B-95E3-A05DA4FC6811}.Debug|Any CPU.Build.0 = Debug|Any CPU
		{21634F02-8390-477B-95E3-A05DA4FC6811}.Release|Any CPU.ActiveCfg = Release|Any CPU
		{21634F02-8390-477B-95E3-A05DA4FC6811}.Release|Any CPU.Build.0 = Release|Any CPU
	EndGlobalSection
	GlobalSection(SolutionProperties) = preSolution
		HideSolutionNode = FALSE
	EndGlobalSection
	GlobalSection(NestedProjects) = preSolution
		{93B84262-41CD-4E03-B5AA-EFEAD493BD11} = {BF740E42-13C5-45B6-A298-0934908BBBCE}
		{9528E826-01AB-49D0-823C-2DE8F75BDC68} = {BF740E42-13C5-45B6-A298-0934908BBBCE}
	EndGlobalSection
	GlobalSection(ExtensibilityGlobals) = postSolution
		SolutionGuid = {7E4AB32F-EF56-4D97-978B-0174C0959B78}
	EndGlobalSection
EndGlobal
